
Microsoft Visual Studio Solution File, Format Version 12.00
# Visual Studio Version 17
VisualStudioVersion = 17.7.34018.315
MinimumVisualStudioVersion = 10.0.40219.1
Project("{FAE04EC0-301F-11D3-BF4B-00C04F79EFBC}") = "Hopper", "Hopper.csproj", "{AE6A7B23-8AEC-40A2-BFEC-2BC45A7D792C}"
EndProject
Project("{FAE04EC0-301F-11D3-BF4B-00C04F79EFBC}") = "HopperTests", "HopperTests\HopperTests.csproj", "{853FD6E0-A565-4244-8B0B-12390C956C06}"
EndProject
Global
	GlobalSection(SolutionConfigurationPlatforms) = preSolution
		Debug|Any CPU = Debug|Any CPU
		Release|Any CPU = Release|Any CPU
	EndGlobalSection
	GlobalSection(ProjectConfigurationPlatforms) = postSolution
		{AE6A7B23-8AEC-40A2-BFEC-2BC45A7D792C}.Debug|Any CPU.ActiveCfg = Debug|Any CPU
		{AE6A7B23-8AEC-40A2-BFEC-2BC45A7D792C}.Debug|Any CPU.Build.0 = Debug|Any CPU
		{AE6A7B23-8AEC-40A2-BFEC-2BC45A7D792C}.Release|Any CPU.ActiveCfg = Release|Any CPU
		{AE6A7B23-8AEC-40A2-BFEC-2BC45A7D792C}.Release|Any CPU.Build.0 = Release|Any CPU
		{853FD6E0-A565-4244-8B0B-12390C956C06}.Debug|Any CPU.ActiveCfg = Debug|Any CPU
		{853FD6E0-A565-4244-8B0B-12390C956C06}.Debug|Any CPU.Build.0 = Debug|Any CPU
		{853FD6E0-A565-4244-8B0B-12390C956C06}.Release|Any CPU.ActiveCfg = Release|Any CPU
		{853FD6E0-A565-4244-8B0B-12390C956C06}.Release|Any CPU.Build.0 = Release|Any CPU
	EndGlobalSection
	GlobalSection(SolutionProperties) = preSolution
		HideSolutionNode = FALSE
	EndGlobalSection
	GlobalSection(ExtensibilityGlobals) = postSolution
		SolutionGuid = {582972CE-B978-424F-9F5F-4FB7EC3B7538}
	EndGlobalSection
EndGlobal
